Microsoft Visual Studio Solution File, Format Version 12.00
# Visual Studio Version 17
VisualStudioVersion = 17.5.2.0
MinimumVisualStudioVersion = 10.0.40219.1
Project("{FAE04EC0-301F-11D3-BF4B-00C04F79EFBC}") = "ASPNETLambdaAPI", "ASPNETLambdaAPI\ASPNETLambdaAPI.csproj", "{45B99C38-E3C7-FE34-F05D-00AE8481BB48}"
EndProject
Project("{2150E333-8FDC-42A3-9474-1A3956D46DE8}") = "ASPNETLambdaAPIInfrastructure", "ASPNETLambdaAPIInfrastructure", "{EFDDA348-316F-60B2-0C57-F111AC68EC05}"
EndProject
Project("{2150E333-8FDC-42A3-9474-1A3956D46DE8}") = "node_modules", "node_modules", "{ED17C5AC-AF26-3D61-71B3-989921CA4B50}"
EndProject
Project("{2150E333-8FDC-42A3-9474-1A3956D46DE8}") = "aws-cdk", "aws-cdk", "{F70DDEDA-E308-8101-E7D6-647A05B6365B}"
EndProject
Project("{2150E333-8FDC-42A3-9474-1A3956D46DE8}") = "lib", "lib", "{1D0BF4F5-BF3C-9CE8-4F47-2F7D45E69534}"
EndProject
Project("{2150E333-8FDC-42A3-9474-1A3956D46DE8}") = "init-templates", "init-templates", "{D18F32CD-78B1-D54D-1922-E1826C5EE67E}"
EndProject
Project("{2150E333-8FDC-42A3-9474-1A3956D46DE8}") = "sample-app", "sample-app", "{735F12D4-8CBA-1FBF-C9EB-15BABA850885}"
EndProject
Project("{2150E333-8FDC-42A3-9474-1A3956D46DE8}") = "csharp", "csharp", "{B24F40D4-07FE-9368-8625-00B5E9BB4046}"
EndProject
Project("{2150E333-8FDC-42A3-9474-1A3956D46DE8}") = "src", "src", "{5BCCE55F-C472-1375-EE5B-867D723271EB}"
EndProject
Project("{FAE04EC0-301F-11D3-BF4B-00C04F79EFBC}") = "%name.PascalCased%.template", "ASPNETLambdaAPIInfrastructure\node_modules\aws-cdk\lib\init-templates\sample-app\csharp\src\%name.PascalCased%\%name.PascalCased%.template.csproj", "{0F7F4E38-295A-B57D-3915-48BBA2279653}"
EndProject
Project("{2150E333-8FDC-42A3-9474-1A3956D46DE8}") = "app", "app", "{02C34CB0-3187-A6BB-5E91-69857380B461}"
EndProject
Project("{2150E333-8FDC-42A3-9474-1A3956D46DE8}") = "csharp", "csharp", "{44A38F9F-BE86-BA03-969D-1530057CD871}"
EndProject
Project("{2150E333-8FDC-42A3-9474-1A3956D46DE8}") = "src", "src", "{2B75B962-EA5F-760F-240C-49473C0923DD}"
EndProject
Project("{FAE04EC0-301F-11D3-BF4B-00C04F79EFBC}") = "%name.PascalCased%.template", "ASPNETLambdaAPIInfrastructure\node_modules\aws-cdk\lib\init-templates\app\csharp\src\%name.PascalCased%\%name.PascalCased%.template.csproj", "{CCE3E10A-7216-69E9-7541-F398D153833E}"
EndProject
Global
	GlobalSection(SolutionConfigurationPlatforms) = preSolution
		Debug|Any CPU = Debug|Any CPU
		Release|Any CPU = Release|Any CPU
	EndGlobalSection
	GlobalSection(ProjectConfigurationPlatforms) = postSolution
		{45B99C38-E3C7-FE34-F05D-00AE8481BB48}.Debug|Any CPU.ActiveCfg = Debug|Any CPU
		{45B99C38-E3C7-FE34-F05D-00AE8481BB48}.Debug|Any CPU.Build.0 = Debug|Any CPU
		{45B99C38-E3C7-FE34-F05D-00AE8481BB48}.Release|Any CPU.ActiveCfg = Release|Any CPU
		{45B99C38-E3C7-FE34-F05D-00AE8481BB48}.Release|Any CPU.Build.0 = Release|Any CPU
		{0F7F4E38-295A-B57D-3915-48BBA2279653}.Debug|Any CPU.ActiveCfg = Debug|Any CPU
		{0F7F4E38-295A-B57D-3915-48BBA2279653}.Debug|Any CPU.Build.0 = Debug|Any CPU
		{0F7F4E38-295A-B57D-3915-48BBA2279653}.Release|Any CPU.ActiveCfg = Release|Any CPU
		{0F7F4E38-295A-B57D-3915-48BBA2279653}.Release|Any CPU.Build.0 = Release|Any CPU
		{CCE3E10A-7216-69E9-7541-F398D153833E}.Debug|Any CPU.ActiveCfg = Debug|Any CPU
		{CCE3E10A-7216-69E9-7541-F398D153833E}.Debug|Any CPU.Build.0 = Debug|Any CPU
		{CCE3E10A-7216-69E9-7541-F398D153833E}.Release|Any CPU.ActiveCfg = Release|Any CPU
		{CCE3E10A-7216-69E9-7541-F398D153833E}.Release|Any CPU.Build.0 = Release|Any CPU
	EndGlobalSection
	GlobalSection(SolutionProperties) = preSolution
		HideSolutionNode = FALSE
	EndGlobalSection
	GlobalSection(NestedProjects) = preSolution
		{ED17C5AC-AF26-3D61-71B3-989921CA4B50} = {EFDDA348-316F-60B2-0C57-F111AC68EC05}
		{F70DDEDA-E308-8101-E7D6-647A05B6365B} = {ED17C5AC-AF26-3D61-71B3-989921CA4B50}
		{1D0BF4F5-BF3C-9CE8-4F47-2F7D45E69534} = {F70DDEDA-E308-8101-E7D6-647A05B6365B}
		{D18F32CD-78B1-D54D-1922-E1826C5EE67E} = {1D0BF4F5-BF3C-9CE8-4F47-2F7D45E69534}
		{735F12D4-8CBA-1FBF-C9EB-15BABA850885} = {D18F32CD-78B1-D54D-1922-E1826C5EE67E}
		{B24F40D4-07FE-9368-8625-00B5E9BB4046} = {735F12D4-8CBA-1FBF-C9EB-15BABA850885}
		{5BCCE55F-C472-1375-EE5B-867D723271EB} = {B24F40D4-07FE-9368-8625-00B5E9BB4046}
		{0F7F4E38-295A-B57D-3915-48BBA2279653} = {5BCCE55F-C472-1375-EE5B-867D723271EB}
		{02C34CB0-3187-A6BB-5E91-69857380B461} = {D18F32CD-78B1-D54D-1922-E1826C5EE67E}
		{44A38F9F-BE86-BA03-969D-1530057CD871} = {02C34CB0-3187-A6BB-5E91-69857380B461}
		{2B75B962-EA5F-760F-240C-49473C0923DD} = {44A38F9F-BE86-BA03-969D-1530057CD871}
		{CCE3E10A-7216-69E9-7541-F398D153833E} = {2B75B962-EA5F-760F-240C-49473C0923DD}
	EndGlobalSection
	GlobalSection(ExtensibilityGlobals) = postSolution
		SolutionGuid = {F258C59F-37AC-4DBE-A236-D1B9D3AE7EC9}
	EndGlobalSection
EndGlobal
